// !$*UTF8*$!
{
	archiveVersion = 1;
	classes = {
	};
	objectVersion = 56;
	objects = {

/* Begin PBXBuildFile section */
		573E6B222AAAA11B00393F4F /* powoApp.swift in Sources */ = {isa = PBXBuildFile; fileRef = 573E6B212AAAA11B00393F4F /* powoApp.swift */; };
		573E6B242AAAA11B00393F4F /* ContentView.swift in Sources */ = {isa = PBXBuildFile; fileRef = 573E6B232AAAA11B00393F4F /* ContentView.swift */; };
		573E6B262AAAA11D00393F4F /* Assets.xcassets in Resources */ = {isa = PBXBuildFile; fileRef = 573E6B252AAAA11D00393F4F /* Assets.xcassets */; };
		573E6B2A2AAAA11D00393F4F /* Preview Assets.xcassets in Resources */ = {isa = PBXBuildFile; fileRef = 573E6B292AAAA11D00393F4F /* Preview Assets.xcassets */; };
		573E6B342AAAA11D00393F4F /* powoTests.swift in Sources */ = {isa = PBXBuildFile; fileRef = 573E6B332AAAA11D00393F4F /* powoTests.swift */; };
		573E6B3E2AAAA11D00393F4F /* powoUITests.swift in Sources */ = {isa = PBXBuildFile; fileRef = 573E6B3D2AAAA11D00393F4F /* powoUITests.swift */; };
		573E6B402AAAA11D00393F4F /* powoUITestsLaunchTests.swift in Sources */ = {isa = PBXBuildFile; fileRef = 573E6B3F2AAAA11D00393F4F /* powoUITestsLaunchTests.swift */; };
/* End PBXBuildFile section */

/* Begin PBXContainerItemProxy section */
		573E6B302AAAA11D00393F4F /* PBXContainerItemProxy */ = {
			isa = PBXContainerItemProxy;
			containerPortal = 573E6B162AAAA11B00393F4F /* Project object */;
			proxyType = 1;
			remoteGlobalIDString = 573E6B1D2AAAA11B00393F4F;
			remoteInfo = powo;
		};
		573E6B3A2AAAA11D00393F4F /* PBXContainerItemProxy */ = {
			isa = PBXContainerItemProxy;
			containerPortal = 573E6B162AAAA11B00393F4F /* Project object */;
			proxyType = 1;
			remoteGlobalIDString = 573E6B1D2AAAA11B00393F4F;
			remoteInfo = powo;
		};
/* End PBXContainerItemProxy section */

/* Begin PBXFileReference section */
		573E6B1E2AAAA11B00393F4F /* powo.app */ = {isa = PBXFileReference; explicitFileType = wrapper.application; includeInIndex = 0; path = powo.app; sourceTree = BUILT_PRODUCTS_DIR; };
		573E6B212AAAA11B00393F4F /* powoApp.swift */ = {isa = PBXFileReference; lastKnownFileType = sourcecode.swift; path = powoApp.swift; sourceTree = "<group>"; };
		573E6B232AAAA11B00393F4F /* ContentView.swift */ = {isa = PBXFileReference; lastKnownFileType = sourcecode.swift; path = ContentView.swift; sourceTree = "<group>"; };
		573E6B252AAAA11D00393F4F /* Assets.xcassets */ = {isa = PBXFileReference; lastKnownFileType = folder.assetcatalog; path = Assets.xcassets; sourceTree = "<group>"; };
		573E6B272AAAA11D00393F4F /* powo.entitlements */ = {isa = PBXFileReference; lastKnownFileType = text.plist.entitlements; path = powo.entitlements; sourceTree = "<group>"; };
		573E6B292AAAA11D00393F4F /* Preview Assets.xcassets */ = {isa = PBXFileReference; lastKnownFileType = folder.assetcatalog; path = "Preview Assets.xcassets"; sourceTree = "<group>"; };
		573E6B2F2AAAA11D00393F4F /* powoTests.xctest */ = {isa = PBXFileReference; explicitFileType = wrapper.cfbundle; includeInIndex = 0; path = powoTests.xctest; sourceTree = BUILT_PRODUCTS_DIR; };
		573E6B332AAAA11D00393F4F /* powoTests.swift */ = {isa = PBXFileReference; lastKnownFileType = sourcecode.swift; path = powoTests.swift; sourceTree = "<group>"; };
		573E6B392AAAA11D00393F4F /* powoUITests.xctest */ = {isa = PBXFileReference; explicitFileType = wrapper.cfbundle; includeInIndex = 0; path = powoUITests.xctest; sourceTree = BUILT_PRODUCTS_DIR; };
		573E6B3D2AAAA11D00393F4F /* powoUITests.swift */ = {isa = PBXFileReference; lastKnownFileType = sourcecode.swift; path = powoUITests.swift; sourceTree = "<group>"; };
		573E6B3F2AAAA11D00393F4F /* powoUITestsLaunchTests.swift */ = {isa = PBXFileReference; lastKnownFileType = sourcecode.swift; path = powoUITestsLaunchTests.swift; sourceTree = "<group>"; };
/* End PBXFileReference section */

/* Begin PBXFrameworksBuildPhase section */
		573E6B1B2AAAA11B00393F4F /* Frameworks */ = {
			isa = PBXFrameworksBuildPhase;
			buildActionMask = 2147483647;
			files = (
			);
			runOnlyForDeploymentPostprocessing = 0;
		};
		573E6B2C2AAAA11D00393F4F /* Frameworks */ = {
			isa = PBXFrameworksBuildPhase;
			buildActionMask = 2147483647;
			files = (
			);
			runOnlyForDeploymentPostprocessing = 0;
		};
		573E6B362AAAA11D00393F4F /* Frameworks */ = {
			isa = PBXFrameworksBuildPhase;
			buildActionMask = 2147483647;
			files = (
			);
			runOnlyForDeploymentPostprocessing = 0;
		};
/* End PBXFrameworksBuildPhase section */

/* Begin PBXGroup section */
		573E6B152AAAA11B00393F4F = {
			isa = PBXGroup;
			children = (
				573E6B202AAAA11B00393F4F /* powo */,
				573E6B322AAAA11D00393F4F /* powoTests */,
				573E6B3C2AAAA11D00393F4F /* powoUITests */,
				573E6B1F2AAAA11B00393F4F /* Products */,
			);
			sourceTree = "<group>";
		};
		573E6B1F2AAAA11B00393F4F /* Products */ = {
			isa = PBXGroup;
			children = (
				573E6B1E2AAAA11B00393F4F /* powo.app */,
				573E6B2F2AAAA11D00393F4F /* powoTests.xctest */,
				573E6B392AAAA11D00393F4F /* powoUITests.xctest */,
			);
			name = Products;
			sourceTree = "<group>";
		};
		573E6B202AAAA11B00393F4F /* powo */ = {
			isa = PBXGroup;
			children = (
				573E6B212AAAA11B00393F4F /* powoApp.swift */,
				573E6B232AAAA11B00393F4F /* ContentView.swift */,
				573E6B252AAAA11D00393F4F /* Assets.xcassets */,
				573E6B272AAAA11D00393F4F /* powo.entitlements */,
				573E6B282AAAA11D00393F4F /* Preview Content */,
			);
			path = powo;
			sourceTree = "<group>";
		};
		573E6B282AAAA11D00393F4F /* Preview Content */ = {
			isa = PBXGroup;
			children = (
				573E6B292AAAA11D00393F4F /* Preview Assets.xcassets */,
			);
			path = "Preview Content";
			sourceTree = "<group>";
		};
		573E6B322AAAA11D00393F4F /* powoTests */ = {
			isa = PBXGroup;
			children = (
				573E6B332AAAA11D00393F4F /* powoTests.swift */,
			);
			path = powoTests;
			sourceTree = "<group>";
		};
		573E6B3C2AAAA11D00393F4F /* powoUITests */ = {
			isa = PBXGroup;
			children = (
				573E6B3D2AAAA11D00393F4F /* powoUITests.swift */,
				573E6B3F2AAAA11D00393F4F /* powoUITestsLaunchTests.swift */,
			);
			path = powoUITests;
			sourceTree = "<group>";
		};
/* End PBXGroup section */

/* Begin PBXNativeTarget section */
		573E6B1D2AAAA11B00393F4F /* powo */ = {
			isa = PBXNativeTarget;
			buildConfigurationList = 573E6B432AAAA11D00393F4F /* Build configuration list for PBXNativeTarget "powo" */;
			buildPhases = (
				573E6B1A2AAAA11B00393F4F /* Sources */,
				573E6B1B2AAAA11B00393F4F /* Frameworks */,
				573E6B1C2AAAA11B00393F4F /* Resources */,
			);
			buildRules = (
			);
			dependencies = (
			);
			name = powo;
			productName = powo;
			productReference = 573E6B1E2AAAA11B00393F4F /* powo.app */;
			productType = "com.apple.product-type.application";
		};
		573E6B2E2AAAA11D00393F4F /* powoTests */ = {
			isa = PBXNativeTarget;
			buildConfigurationList = 573E6B462AAAA11D00393F4F /* Build configuration list for PBXNativeTarget "powoTests" */;
			buildPhases = (
				573E6B2B2AAAA11D00393F4F /* Sources */,
				573E6B2C2AAAA11D00393F4F /* Frameworks */,
				573E6B2D2AAAA11D00393F4F /* Resources */,
			);
			buildRules = (
			);
			dependencies = (
				573E6B312AAAA11D00393F4F /* PBXTargetDependency */,
			);
			name = powoTests;
			productName = powoTests;
			productReference = 573E6B2F2AAAA11D00393F4F /* powoTests.xctest */;
			productType = "com.apple.product-type.bundle.unit-test";
		};
		573E6B382AAAA11D00393F4F /* powoUITests */ = {
			isa = PBXNativeTarget;
			buildConfigurationList = 573E6B492AAAA11D00393F4F /* Build configuration list for PBXNativeTarget "powoUITests" */;
			buildPhases = (
				573E6B352AAAA11D00393F4F /* Sources */,
				573E6B362AAAA11D00393F4F /* Frameworks */,
				573E6B372AAAA11D00393F4F /* Resources */,
			);
			buildRules = (
			);
			dependencies = (
				573E6B3B2AAAA11D00393F4F /* PBXTargetDependency */,
			);
			name = powoUITests;
			productName = powoUITests;
			productReference = 573E6B392AAAA11D00393F4F /* powoUITests.xctest */;
			productType = "com.apple.product-type.bundle.ui-testing";
		};
/* End PBXNativeTarget section */

/* Begin PBXProject section */
		573E6B162AAAA11B00393F4F /* Project object */ = {
			isa = PBXProject;
			attributes = {
				BuildIndependentTargetsInParallel = 1;
				LastSwiftUpdateCheck = 1430;
				LastUpgradeCheck = 1430;
				TargetAttributes = {
					573E6B1D2AAAA11B00393F4F = {
						CreatedOnToolsVersion = 14.3.1;
					};
					573E6B2E2AAAA11D00393F4F = {
						CreatedOnToolsVersion = 14.3.1;
						TestTargetID = 573E6B1D2AAAA11B00393F4F;
					};
					573E6B382AAAA11D00393F4F = {
						CreatedOnToolsVersion = 14.3.1;
						TestTargetID = 573E6B1D2AAAA11B00393F4F;
					};
				};
			};
			buildConfigurationList = 573E6B192AAAA11B00393F4F /* Build configuration list for PBXProject "powo" */;
			compatibilityVersion = "Xcode 14.0";
			developmentRegion = en;
			hasScannedForEncodings = 0;
			knownRegions = (
				en,
				Base,
			);
			mainGroup = 573E6B152AAAA11B00393F4F;
			productRefGroup = 573E6B1F2AAAA11B00393F4F /* Products */;
			projectDirPath = "";
			projectRoot = "";
			targets = (
				573E6B1D2AAAA11B00393F4F /* powo */,
				573E6B2E2AAAA11D00393F4F /* powoTests */,
				573E6B382AAAA11D00393F4F /* powoUITests */,
			);
		};
/* End PBXProject section */

/* Begin PBXResourcesBuildPhase section */
		573E6B1C2AAAA11B00393F4F /* Resources */ = {
			isa = PBXResourcesBuildPhase;
			buildActionMask = 2147483647;
			files = (
				573E6B2A2AAAA11D00393F4F /* Preview Assets.xcassets in Resources */,
				573E6B262AAAA11D00393F4F /* Assets.xcassets in Resources */,
			);
			runOnlyForDeploymentPostprocessing = 0;
		};
		573E6B2D2AAAA11D00393F4F /* Resources */ = {
			isa = PBXResourcesBuildPhase;
			buildActionMask = 2147483647;
			files = (
			);
			runOnlyForDeploymentPostprocessing = 0;
		};
		573E6B372AAAA11D00393F4F /* Resources */ = {
			isa = PBXResourcesBuildPhase;
			buildActionMask = 2147483647;
			files = (
			);
			runOnlyForDeploymentPostprocessing = 0;
		};
/* End PBXResourcesBuildPhase section */

/* Begin PBXSourcesBuildPhase section */
		573E6B1A2AAAA11B00393F4F /* Sources */ = {
			isa = PBXSourcesBuildPhase;
			buildActionMask = 2147483647;
			files = (
				573E6B242AAAA11B00393F4F /* ContentView.swift in Sources */,
				573E6B222AAAA11B00393F4F /* powoApp.swift in Sources */,
			);
			runOnlyForDeploymentPostprocessing = 0;
		};
		573E6B2B2AAAA11D00393F4F /* Sources */ = {
			isa = PBXSourcesBuildPhase;
			buildActionMask = 2147483647;
			files = (
				573E6B342AAAA11D00393F4F /* powoTests.swift in Sources */,
			);
			runOnlyForDeploymentPostprocessing = 0;
		};
		573E6B352AAAA11D00393F4F /* Sources */ = {
			isa = PBXSourcesBuildPhase;
			buildActionMask = 2147483647;
			files = (
				573E6B3E2AAAA11D00393F4F /* powoUITests.swift in Sources */,
				573E6B402AAAA11D00393F4F /* powoUITestsLaunchTests.swift in Sources */,
			);
			runOnlyForDeploymentPostprocessing = 0;
		};
/* End PBXSourcesBuildPhase section */

/* Begin PBXTargetDependency section */
		573E6B312AAAA11D00393F4F /* PBXTargetDependency */ = {
			isa = PBXTargetDependency;
			target = 573E6B1D2AAAA11B00393F4F /* powo */;
			targetProxy = 573E6B302AAAA11D00393F4F /* PBXContainerItemProxy */;
		};
		573E6B3B2AAAA11D00393F4F /* PBXTargetDependency */ = {
			isa = PBXTargetDependency;
			target = 573E6B1D2AAAA11B00393F4F /* powo */;
			targetProxy = 573E6B3A2AAAA11D00393F4F /* PBXContainerItemProxy */;
		};
/* End PBXTargetDependency section */

/* Begin XCBuildConfiguration section */
		573E6B412AAAA11D00393F4F /* Debug */ = {
			isa = XCBuildConfiguration;
			buildSettings = {
				ALWAYS_SEARCH_USER_PATHS = NO;
				CLANG_ANALYZER_NONNULL = YES;
				CLANG_ANALYZER_NUMBER_OBJECT_CONVERSION = YES_AGGRESSIVE;
				CLANG_CXX_LANGUAGE_STANDARD = "gnu++20";
				CLANG_ENABLE_MODULES = YES;
				CLANG_ENABLE_OBJC_ARC = YES;
				CLANG_ENABLE_OBJC_WEAK = YES;
				CLANG_WARN_BLOCK_CAPTURE_AUTORELEASING = YES;
				CLANG_WARN_BOOL_CONVERSION = YES;
				CLANG_WARN_COMMA = YES;
				CLANG_WARN_CONSTANT_CONVERSION = YES;
				CLANG_WARN_DEPRECATED_OBJC_IMPLEMENTATIONS = YES;
				CLANG_WARN_DIRECT_OBJC_ISA_USAGE = YES_ERROR;
				CLANG_WARN_DOCUMENTATION_COMMENTS = YES;
				CLANG_WARN_EMPTY_BODY = YES;
				CLANG_WARN_ENUM_CONVERSION = YES;
				CLANG_WARN_INFINITE_RECURSION = YES;
				CLANG_WARN_INT_CONVERSION = YES;
				CLANG_WARN_NON_LITERAL_NULL_CONVERSION = YES;
				CLANG_WARN_OBJC_IMPLICIT_RETAIN_SELF = YES;
				CLANG_WARN_OBJC_LITERAL_CONVERSION = YES;
				CLANG_WARN_OBJC_ROOT_CLASS = YES_ERROR;
				CLANG_WARN_QUOTED_INCLUDE_IN_FRAMEWORK_HEADER = YES;
				CLANG_WARN_RANGE_LOOP_ANALYSIS = YES;
				CLANG_WARN_STRICT_PROTOTYPES = YES;
				CLANG_WARN_SUSPICIOUS_MOVE = YES;
				CLANG_WARN_UNGUARDED_AVAILABILITY = YES_AGGRESSIVE;
				CLANG_WARN_UNREACHABLE_CODE = YES;
				CLANG_WARN__DUPLICATE_METHOD_MATCH = YES;
				COPY_PHASE_STRIP = NO;
				DEBUG_INFORMATION_FORMAT = dwarf;
				ENABLE_STRICT_OBJC_MSGSEND = YES;
				ENABLE_TESTABILITY = YES;
				GCC_C_LANGUAGE_STANDARD = gnu11;
				GCC_DYNAMIC_NO_PIC = NO;
				GCC_NO_COMMON_BLOCKS = YES;
				GCC_OPTIMIZATION_LEVEL = 0;
				GCC_PREPROCESSOR_DEFINITIONS = (
					"DEBUG=1",
					"$(inherited)",
				);
				GCC_WARN_64_TO_32_BIT_CONVERSION = YES;
				GCC_WARN_ABOUT_RETURN_TYPE = YES_ERROR;
				GCC_WARN_UNDECLARED_SELECTOR = YES;
				GCC_WARN_UNINITIALIZED_AUTOS = YES_AGGRESSIVE;
				GCC_WARN_UNUSED_FUNCTION = YES;
				GCC_WARN_UNUSED_VARIABLE = YES;
				MTL_ENABLE_DEBUG_INFO = INCLUDE_SOURCE;
				MTL_FAST_MATH = YES;
				ONLY_ACTIVE_ARCH = YES;
				SWIFT_ACTIVE_COMPILATION_CONDITIONS = DEBUG;
				SWIFT_OPTIMIZATION_LEVEL = "-Onone";
			};
			name = Debug;
		};
		573E6B422AAAA11D00393F4F /* Release */ = {
			isa = XCBuildConfiguration;
			buildSettings = {
				ALWAYS_SEARCH_USER_PATHS = NO;
				CLANG_ANALYZER_NONNULL = YES;
				CLANG_ANALYZER_NUMBER_OBJECT_CONVERSION = YES_AGGRESSIVE;
				CLANG_CXX_LANGUAGE_STANDARD = "gnu++20";
				CLANG_ENABLE_MODULES = YES;
				CLANG_ENABLE_OBJC_ARC = YES;
				CLANG_ENABLE_OBJC_WEAK = YES;
				CLANG_WARN_BLOCK_CAPTURE_AUTORELEASING = YES;
				CLANG_WARN_BOOL_CONVERSION = YES;
				CLANG_WARN_COMMA = YES;
				CLANG_WARN_CONSTANT_CONVERSION = YES;
				CLANG_WARN_DEPRECATED_OBJC_IMPLEMENTATIONS = YES;
				CLANG_WARN_DIRECT_OBJC_ISA_USAGE = YES_ERROR;
				CLANG_WARN_DOCUMENTATION_COMMENTS = YES;
				CLANG_WARN_EMPTY_BODY = YES;
				CLANG_WARN_ENUM_CONVERSION = YES;
				CLANG_WARN_INFINITE_RECURSION = YES;
				CLANG_WARN_INT_CONVERSION = YES;
				CLANG_WARN_NON_LITERAL_NULL_CONVERSION = YES;
				CLANG_WARN_OBJC_IMPLICIT_RETAIN_SELF = YES;
				CLANG_WARN_OBJC_LITERAL_CONVERSION = YES;
				CLANG_WARN_OBJC_ROOT_CLASS = YES_ERROR;
				CLANG_WARN_QUOTED_INCLUDE_IN_FRAMEWORK_HEADER = YES;
				CLANG_WARN_RANGE_LOOP_ANALYSIS = YES;
				CLANG_WARN_STRICT_PROTOTYPES = YES;
				CLANG_WARN_SUSPICIOUS_MOVE = YES;
				CLANG_WARN_UNGUARDED_AVAILABILITY = YES_AGGRESSIVE;
				CLANG_WARN_UNREACHABLE_CODE = YES;
				CLANG_WARN__DUPLICATE_METHOD_MATCH = YES;
				COPY_PHASE_STRIP = NO;
				DEBUG_INFORMATION_FORMAT = "dwarf-with-dsym";
				ENABLE_NS_ASSERTIONS = NO;
				ENABLE_STRICT_OBJC_MSGSEND = YES;
				GCC_C_LANGUAGE_STANDARD = gnu11;
				GCC_NO_COMMON_BLOCKS = YES;
				GCC_WARN_64_TO_32_BIT_CONVERSION = YES;
				GCC_WARN_ABOUT_RETURN_TYPE = YES_ERROR;
				GCC_WARN_UNDECLARED_SELECTOR = YES;
				GCC_WARN_UNINITIALIZED_AUTOS = YES_AGGRESSIVE;
				GCC_WARN_UNUSED_FUNCTION = YES;
				GCC_WARN_UNUSED_VARIABLE = YES;
				MTL_ENABLE_DEBUG_INFO = NO;
				MTL_FAST_MATH = YES;
				SWIFT_COMPILATION_MODE = wholemodule;
				SWIFT_OPTIMIZATION_LEVEL = "-O";
			};
			name = Release;
		};
		573E6B442AAAA11D00393F4F /* Debug */ = {
			isa = XCBuildConfiguration;
			buildSettings = {
				ASSETCATALOG_COMPILER_APPICON_NAME = AppIcon;
				ASSETCATALOG_COMPILER_GLOBAL_ACCENT_COLOR_NAME = AccentColor;
				CODE_SIGN_ENTITLEMENTS = powo/powo.entitlements;
				CODE_SIGN_STYLE = Automatic;
				CURRENT_PROJECT_VERSION = 1;
				DEVELOPMENT_ASSET_PATHS = "\"powo/Preview Content\"";
				ENABLE_PREVIEWS = YES;
				GENERATE_INFOPLIST_FILE = YES;
				"INFOPLIST_KEY_UIApplicationSceneManifest_Generation[sdk=iphoneos*]" = YES;
				"INFOPLIST_KEY_UIApplicationSceneManifest_Generation[sdk=iphonesimulator*]" = YES;
				"INFOPLIST_KEY_UIApplicationSupportsIndirectInputEvents[sdk=iphoneos*]" = YES;
				"INFOPLIST_KEY_UIApplicationSupportsIndirectInputEvents[sdk=iphonesimulator*]" = YES;
				"INFOPLIST_KEY_UILaunchScreen_Generation[sdk=iphoneos*]" = YES;
				"INFOPLIST_KEY_UILaunchScreen_Generation[sdk=iphonesimulator*]" = YES;
				"INFOPLIST_KEY_UIStatusBarStyle[sdk=iphoneos*]" = UIStatusBarStyleDefault;
				"INFOPLIST_KEY_UIStatusBarStyle[sdk=iphonesimulator*]" = UIStatusBarStyleDefault;
				INFOPLIST_KEY_UISupportedInterfaceOrientations_iPad = "UIInterfaceOrientationPortrait UIInterfaceOrientationPortraitUpsideDown UIInterfaceOrientationLandscapeLeft UIInterfaceOrientationLandscapeRight";
				INFOPLIST_KEY_UISupportedInterfaceOrientations_iPhone = "UIInterfaceOrientationPortrait UIInterfaceOrientationLandscapeLeft UIInterfaceOrientationLandscapeRight";
				IPHONEOS_DEPLOYMENT_TARGET = 16.4;
				LD_RUNPATH_SEARCH_PATHS = "@executable_path/Frameworks";
				"LD_RUNPATH_SEARCH_PATHS[sdk=macosx*]" = "@executable_path/../Frameworks";
				MACOSX_DEPLOYMENT_TARGET = 13.3;
				MARKETING_VERSION = 1.0;
				PRODUCT_BUNDLE_IDENTIFIER = owozsh.powo;
				PRODUCT_NAME = "$(TARGET_NAME)";
				SDKROOT = auto;
				SUPPORTED_PLATFORMS = "iphoneos iphonesimulator macosx";
				SWIFT_EMIT_LOC_STRINGS = YES;
				SWIFT_VERSION = 5.0;
				TARGETED_DEVICE_FAMILY = "1,2";
			};
			name = Debug;
		};
		573E6B452AAAA11D00393F4F /* Release */ = {
			isa = XCBuildConfiguration;
			buildSettings = {
				ASSETCATALOG_COMPILER_APPICON_NAME = AppIcon;
				ASSETCATALOG_COMPILER_GLOBAL_ACCENT_COLOR_NAME = AccentColor;
				CODE_SIGN_ENTITLEMENTS = powo/powo.entitlements;
				CODE_SIGN_STYLE = Automatic;
				CURRENT_PROJECT_VERSION = 1;
				DEVELOPMENT_ASSET_PATHS = "\"powo/Preview Content\"";
				ENABLE_PREVIEWS = YES;
				GENERATE_INFOPLIST_FILE = YES;
				"INFOPLIST_KEY_UIApplicationSceneManifest_Generation[sdk=iphoneos*]" = YES;
				"INFOPLIST_KEY_UIApplicationSceneManifest_Generation[sdk=iphonesimulator*]" = YES;
				"INFOPLIST_KEY_UIApplicationSupportsIndirectInputEvents[sdk=iphoneos*]" = YES;
				"INFOPLIST_KEY_UIApplicationSupportsIndirectInputEvents[sdk=iphonesimulator*]" = YES;
				"INFOPLIST_KEY_UILaunchScreen_Generation[sdk=iphoneos*]" = YES;
				"INFOPLIST_KEY_UILaunchScreen_Generation[sdk=iphonesimulator*]" = YES;
				"INFOPLIST_KEY_UIStatusBarStyle[sdk=iphoneos*]" = UIStatusBarStyleDefault;
				"INFOPLIST_KEY_UIStatusBarStyle[sdk=iphonesimulator*]" = UIStatusBarStyleDefault;
				INFOPLIST_KEY_UISupportedInterfaceOrientations_iPad = "UIInterfaceOrientationPortrait UIInterfaceOrientationPortraitUpsideDown UIInterfaceOrientationLandscapeLeft UIInterfaceOrientationLandscapeRight";
				INFOPLIST_KEY_UISupportedInterfaceOrientations_iPhone = "UIInterfaceOrientationPortrait UIInterfaceOrientationLandscapeLeft UIInterfaceOrientationLandscapeRight";
				IPHONEOS_DEPLOYMENT_TARGET = 16.4;
				LD_RUNPATH_SEARCH_PATHS = "@executable_path/Frameworks";
				"LD_RUNPATH_SEARCH_PATHS[sdk=macosx*]" = "@executable_path/../Frameworks";
				MACOSX_DEPLOYMENT_TARGET = 13.3;
				MARKETING_VERSION = 1.0;
				PRODUCT_BUNDLE_IDENTIFIER = owozsh.powo;
				PRODUCT_NAME = "$(TARGET_NAME)";
				SDKROOT = auto;
				SUPPORTED_PLATFORMS = "iphoneos iphonesimulator macosx";
				SWIFT_EMIT_LOC_STRINGS = YES;
				SWIFT_VERSION = 5.0;
				TARGETED_DEVICE_FAMILY = "1,2";
			};
			name = Release;
		};
		573E6B472AAAA11D00393F4F /* Debug */ = {
			isa = XCBuildConfiguration;
			buildSettings = {
				ALWAYS_EMBED_SWIFT_STANDARD_LIBRARIES = YES;
				BUNDLE_LOADER = "$(TEST_HOST)";
				CODE_SIGN_STYLE = Automatic;
				CURRENT_PROJECT_VERSION = 1;
				GENERATE_INFOPLIST_FILE = YES;
				IPHONEOS_DEPLOYMENT_TARGET = 16.4;
				MACOSX_DEPLOYMENT_TARGET = 13.3;
				MARKETING_VERSION = 1.0;
				PRODUCT_BUNDLE_IDENTIFIER = owozsh.powoTests;
				PRODUCT_NAME = "$(TARGET_NAME)";
				SDKROOT = auto;
				SUPPORTED_PLATFORMS = "iphoneos iphonesimulator macosx";
				SWIFT_EMIT_LOC_STRINGS = NO;
				SWIFT_VERSION = 5.0;
				TARGETED_DEVICE_FAMILY = "1,2";
				TEST_HOST = "$(BUILT_PRODUCTS_DIR)/powo.app/$(BUNDLE_EXECUTABLE_FOLDER_PATH)/powo";
			};
			name = Debug;
		};
		573E6B482AAAA11D00393F4F /* Release */ = {
			isa = XCBuildConfiguration;
			buildSettings = {
				ALWAYS_EMBED_SWIFT_STANDARD_LIBRARIES = YES;
				BUNDLE_LOADER = "$(TEST_HOST)";
				CODE_SIGN_STYLE = Automatic;
				CURRENT_PROJECT_VERSION = 1;
				GENERATE_INFOPLIST_FILE = YES;
				IPHONEOS_DEPLOYMENT_TARGET = 16.4;
				MACOSX_DEPLOYMENT_TARGET = 13.3;
				MARKETING_VERSION = 1.0;
				PRODUCT_BUNDLE_IDENTIFIER = owozsh.powoTests;
				PRODUCT_NAME = "$(TARGET_NAME)";
				SDKROOT = auto;
				SUPPORTED_PLATFORMS = "iphoneos iphonesimulator macosx";
				SWIFT_EMIT_LOC_STRINGS = NO;
				SWIFT_VERSION = 5.0;
				TARGETED_DEVICE_FAMILY = "1,2";
				TEST_HOST = "$(BUILT_PRODUCTS_DIR)/powo.app/$(BUNDLE_EXECUTABLE_FOLDER_PATH)/powo";
			};
			name = Release;
		};
		573E6B4A2AAAA11D00393F4F /* Debug */ = {
			isa = XCBuildConfiguration;
			buildSettings = {
				ALWAYS_EMBED_SWIFT_STANDARD_LIBRARIES = YES;
				CODE_SIGN_STYLE = Automatic;
				CURRENT_PROJECT_VERSION = 1;
				GENERATE_INFOPLIST_FILE = YES;
				IPHONEOS_DEPLOYMENT_TARGET = 16.4;
				MACOSX_DEPLOYMENT_TARGET = 13.3;
				MARKETING_VERSION = 1.0;
				PRODUCT_BUNDLE_IDENTIFIER = owozsh.powoUITests;
				PRODUCT_NAME = "$(TARGET_NAME)";
				SDKROOT = auto;
				SUPPORTED_PLATFORMS = "iphoneos iphonesimulator macosx";
				SWIFT_EMIT_LOC_STRINGS = NO;
				SWIFT_VERSION = 5.0;
				TARGETED_DEVICE_FAMILY = "1,2";
				TEST_TARGET_NAME = powo;
			};
			name = Debug;
		};
		573E6B4B2AAAA11D00393F4F /* Release */ = {
			isa = XCBuildConfiguration;
			buildSettings = {
				ALWAYS_EMBED_SWIFT_STANDARD_LIBRARIES = YES;
				CODE_SIGN_STYLE = Automatic;
				CURRENT_PROJECT_VERSION = 1;
				GENERATE_INFOPLIST_FILE = YES;
				IPHONEOS_DEPLOYMENT_TARGET = 16.4;
				MACOSX_DEPLOYMENT_TARGET = 13.3;
				MARKETING_VERSION = 1.0;
				PRODUCT_BUNDLE_IDENTIFIER = owozsh.powoUITests;
				PRODUCT_NAME = "$(TARGET_NAME)";
				SDKROOT = auto;
				SUPPORTED_PLATFORMS = "iphoneos iphonesimulator macosx";
				SWIFT_EMIT_LOC_STRINGS = NO;
				SWIFT_VERSION = 5.0;
				TARGETED_DEVICE_FAMILY = "1,2";
				TEST_TARGET_NAME = powo;
			};
			name = Release;
		};
/* End XCBuildConfiguration section */

/* Begin XCConfigurationList section */
		573E6B192AAAA11B00393F4F /* Build configuration list for PBXProject "powo" */ = {
			isa = XCConfigurationList;
			buildConfigurations = (
				573E6B412AAAA11D00393F4F /* Debug */,
				573E6B422AAAA11D00393F4F /* Release */,
			);
			defaultConfigurationIsVisible = 0;
			defaultConfigurationName = Release;
		};
		573E6B432AAAA11D00393F4F /* Build configuration list for PBXNativeTarget "powo" */ = {
			isa = XCConfigurationList;
			buildConfigurations = (
				573E6B442AAAA11D00393F4F /* Debug */,
				573E6B452AAAA11D00393F4F /* Release */,
			);
			defaultConfigurationIsVisible = 0;
			defaultConfigurationName = Release;
		};
		573E6B462AAAA11D00393F4F /* Build configuration list for PBXNativeTarget "powoTests" */ = {
			isa = XCConfigurationList;
			buildConfigurations = (
				573E6B472AAAA11D00393F4F /* Debug */,
				573E6B482AAAA11D00393F4F /* Release */,
			);
			defaultConfigurationIsVisible = 0;
			defaultConfigurationName = Release;
		};
		573E6B492AAAA11D00393F4F /* Build configuration list for PBXNativeTarget "powoUITests" */ = {
			isa = XCConfigurationList;
			buildConfigurations = (
				573E6B4A2AAAA11D00393F4F /* Debug */,
				573E6B4B2AAAA11D00393F4F /* Release */,
			);
			defaultConfigurationIsVisible = 0;
			defaultConfigurationName = Release;
		};
/* End XCConfigurationList section */
	};
	rootObject = 573E6B162AAAA11B00393F4F /* Project object */;
}
